
Microsoft Visual Studio Solution File, Format Version 12.00
# Visual Studio 15
VisualStudioVersion = 15.0.27703.2026
MinimumVisualStudioVersion = 10.0.40219.1
Project("{FAE04EC0-301F-11D3-BF4B-00C04F79EFBC}") = "wallet_checker", "wallet_checker\wallet_checker.csproj", "{42F268A7-905F-4758-8C60-4D6957BE177E}"
EndProject
Global
	GlobalSection(SolutionConfigurationPlatforms) = preSolution
		Debug|Any CPU = Debug|Any CPU
		Release|Any CPU = Release|Any CPU
	EndGlobalSection
	GlobalSection(ProjectConfigurationPlatforms) = postSolution
		{42F268A7-905F-4758-8C60-4D6957BE177E}.Debug|Any CPU.ActiveCfg = Debug|Any CPU
		{42F268A7-905F-4758-8C60-4D6957BE177E}.Debug|Any CPU.Build.0 = Debug|Any CPU
		{42F268A7-905F-4758-8C60-4D6957BE177E}.Release|Any CPU.ActiveCfg = Release|Any CPU
		{42F268A7-905F-4758-8C60-4D6957BE177E}.Release|Any CPU.Build.0 = Release|Any CPU
	EndGlobalSection
	GlobalSection(SolutionProperties) = preSolution
		HideSolutionNode = FALSE
	EndGlobalSection
	GlobalSection(ExtensibilityGlobals) = postSolution
		SolutionGuid = {3B18D84C-F2C6-4002-98B9-2BFFDFAC9E74}
	EndGlobalSection
EndGlobal
